
Microsoft Visual Studio Solution File, Format Version 12.00
# Visual Studio 15
VisualStudioVersion = 15.0.26730.16
MinimumVisualStudioVersion = 10.0.40219.1
Project("{8BC9CEB8-8B4A-11D0-8D11-00A0C91BC942}") = "SoftRenderer", "SoftRenderer\SoftRenderer.vcxproj", "{9D5EF1E8-BE77-4DAA-99E3-1373D1CADEE9}"
EndProject
Global
	GlobalSection(SolutionConfigurationPlatforms) = preSolution
		Debug|x64 = Debug|x64
		Debug|x86 = Debug|x86
		Release|x64 = Release|x64
		Release|x86 = Release|x86
	EndGlobalSection
	GlobalSection(ProjectConfigurationPlatforms) = postSolution
		{9D5EF1E8-BE77-4DAA-99E3-1373D1CADEE9}.Debug|x64.ActiveCfg = Debug|x64
		{9D5EF1E8-BE77-4DAA-99E3-1373D1CADEE9}.Debug|x64.Build.0 = Debug|x64
		{9D5EF1E8-BE77-4DAA-99E3-1373D1CADEE9}.Debug|x86.ActiveCfg = Debug|Win32
		{9D5EF1E8-BE77-4DAA-99E3-1373D1CADEE9}.Debug|x86.Build.0 = Debug|Win32
		{9D5EF1E8-BE77-4DAA-99E3-1373D1CADEE9}.Release|x64.ActiveCfg = Release|x64
		{9D5EF1E8-BE77-4DAA-99E3-1373D1CADEE9}.Release|x64.Build.0 = Release|x64
		{9D5EF1E8-BE77-4DAA-99E3-1373D1CADEE9}.Release|x86.ActiveCfg = Release|Win32
		{9D5EF1E8-BE77-4DAA-99E3-1373D1CADEE9}.Release|x86.Build.0 = Release|Win32
	EndGlobalSection
	GlobalSection(SolutionProperties) = preSolution
		HideSolutionNode = FALSE
	EndGlobalSection
	GlobalSection(ExtensibilityGlobals) = postSolution
		SolutionGuid = {EFF1FE0A-CFD8-4F31-B967-00621CB0A5BE}
	EndGlobalSection
EndGlobal
